# This file is generated by running "yarn install" inside your project.
# Manual changes might be lost - proceed with caution!

__metadata:
  version: 4
  cacheKey: 8

"@capacitor/android@npm:^3.0.0-beta.0":
  version: 3.0.2
  resolution: "@capacitor/android@npm:3.0.2"
  peerDependencies:
    "@capacitor/core": ~3.0.0
  checksum: 1725669de5a7e9293d13ae44aacb2b2884d6eebbf79d62daca89d590f8d572e77ae05f80632602618f110e756e402aac1c688e7ee6a2e15bb6142bc1ddc62b54
  languageName: node
  linkType: hard

"@capacitor/cli@npm:^3.0.2":
  version: 3.0.2
  resolution: "@capacitor/cli@npm:3.0.2"
  dependencies:
    "@ionic/cli-framework-output": ^2.2.1
    "@ionic/utils-fs": ^3.1.5
    "@ionic/utils-subprocess": ^2.1.6
    "@ionic/utils-terminal": ^2.3.0
    commander: ^6.0.0
    debug: ^4.2.0
    env-paths: ^2.2.0
    kleur: ^4.1.1
    native-run: ^1.4.0
    open: ^7.1.0
    plist: ^3.0.2
    prompts: ^2.3.2
    semver: ^7.3.2
    tar: ^6.0.5
    tslib: ^2.1.0
    xml2js: ^0.4.23
  bin:
    cap: bin/capacitor
    capacitor: bin/capacitor
  checksum: b059e44c55b34698873a8849f513e66b33e34ae75d5f70aaf2a3730b77bffc15a60f150b224fc45b13da29a4ad8b16776d127f41453838f57bf656b78ecdda63
  languageName: node
  linkType: hard

"@capacitor/clipboard@npm:^1.0.2":
  version: 1.0.2
  resolution: "@capacitor/clipboard@npm:1.0.2"
  peerDependencies:
    "@capacitor/core": ^3.0.0
  checksum: dac791b8d3c3099a26cbb16cbdad0f9b4b564b31aa29a224c4a16bef02433e1a87c8dcb57de91f40916cf7f082d6b7e78b3bbf37f87072c8dba6d9a7eb0a1c5a
  languageName: node
  linkType: hard

"@capacitor/core@npm:^3.0.2":
  version: 3.0.2
  resolution: "@capacitor/core@npm:3.0.2"
  dependencies:
    tslib: ^2.1.0
  checksum: 88ec1432f2eaa1afbb674c1571e89e67857fee61b40e3c432d8a5ed3d8d3676642334d9eecaa209775678eb924bca695ca96fa50cd4f902e90291ebd1d411a97
  languageName: node
  linkType: hard

"@capacitor/ios@npm:^3.0.0-beta.0":
  version: 3.0.2
  resolution: "@capacitor/ios@npm:3.0.2"
  peerDependencies:
    "@capacitor/core": ~3.0.0
  checksum: 47179651f7da081840acb6e5937e13cf3ffda8ceff775017bdad5f7c7c67dd5b30abc7c11ee606d343fd2c504ee3e162b5fb5d57822befb4a7a70b8f7cc45fdf
  languageName: node
  linkType: hard

"@capacitor/splash-screen@npm:^1.0.0":
  version: 1.0.2
  resolution: "@capacitor/splash-screen@npm:1.0.2"
  peerDependencies:
    "@capacitor/core": ^3.0.0
  checksum: 1c7aa1d27db7df4320303bc9742c680d67a5225181841581251a6f157d5c750585fe19b6609c7c7cedeef1e6fc0ec10cb4c2e573d763e0019bb6614a2ec938f6
  languageName: node
  linkType: hard

"@ionic/cli-framework-output@npm:^2.2.1":
  version: 2.2.2
  resolution: "@ionic/cli-framework-output@npm:2.2.2"
  dependencies:
    "@ionic/utils-terminal": 2.3.1
    debug: ^4.0.0
    tslib: ^2.0.1
  checksum: 0035adeba09e46be3d2872ff90d14b5ba709b0979cddfc7913b1671ffba438cea6eccbea43cf3444c27b324fd4cb4cd547e65e634f61529f6a8869c569a48988
  languageName: node
  linkType: hard

"@ionic/utils-array@npm:2.1.5":
  version: 2.1.5
  resolution: "@ionic/utils-array@npm:2.1.5"
  dependencies:
    debug: ^4.0.0
    tslib: ^2.0.1
  checksum: eab54e5ae6c3a7d435e420986cd7a0766c00506a829e001ddfc4124542adace6dd0f0c1fc51fa8f5eaa69bd09354a0b5541ff9b39b61763cb0e415936578fd4b
  languageName: node
  linkType: hard

"@ionic/utils-fs@npm:3.1.5, @ionic/utils-fs@npm:^3.0.0, @ionic/utils-fs@npm:^3.1.5":
  version: 3.1.5
  resolution: "@ionic/utils-fs@npm:3.1.5"
  dependencies:
    debug: ^4.0.0
    fs-extra: ^9.0.0
    tslib: ^2.0.1
  checksum: 32acef281b36884155c244db8a32585c41dee34d6594baa01b0fb82114f7d21310ccff6b8ea7a53f618ecfe8db1113337e44bf0102b3f5cffa282fa039c1dd92
  languageName: node
  linkType: hard

"@ionic/utils-object@npm:2.1.5":
  version: 2.1.5
  resolution: "@ionic/utils-object@npm:2.1.5"
  dependencies:
    debug: ^4.0.0
    tslib: ^2.0.1
  checksum: 123d1fe5aabe984bd5c93f7e70b3166e47007673218fd9347747c9005be0b10b0c639a8eaf36b77e12337d1cc90171624af06620bf9e9cccb2b8414ad80bc4a5
  languageName: node
  linkType: hard

"@ionic/utils-process@npm:2.1.8":
  version: 2.1.8
  resolution: "@ionic/utils-process@npm:2.1.8"
  dependencies:
    "@ionic/utils-object": 2.1.5
    "@ionic/utils-terminal": 2.3.1
    debug: ^4.0.0
    signal-exit: ^3.0.3
    tree-kill: ^1.2.2
    tslib: ^2.0.1
  checksum: 4ebabd60e883246e029c7cdd08c1cf45982a283a7d9a67149b3cdfedf26d0058a9f47bf60572faa5b92e8aff1344878668acc82e408716e68b1e6c8066931935
  languageName: node
  linkType: hard

"@ionic/utils-stream@npm:3.1.5":
  version: 3.1.5
  resolution: "@ionic/utils-stream@npm:3.1.5"
  dependencies:
    debug: ^4.0.0
    tslib: ^2.0.1
  checksum: 6211825c64295df1c368650b445c8cb1220417855aa6f0cdec68f4ccd3c5368b5f825911708a7242386e9546aa9050a5f85f9b1a0356c8dd9280d1dd33bcb33a
  languageName: node
  linkType: hard

"@ionic/utils-subprocess@npm:^2.1.6":
  version: 2.1.8
  resolution: "@ionic/utils-subprocess@npm:2.1.8"
  dependencies:
    "@ionic/utils-array": 2.1.5
    "@ionic/utils-fs": 3.1.5
    "@ionic/utils-process": 2.1.8
    "@ionic/utils-stream": 3.1.5
    "@ionic/utils-terminal": 2.3.1
    cross-spawn: ^7.0.0
    debug: ^4.0.0
    tslib: ^2.0.1
  checksum: 7bd7f2eb26dc4cd9c5ff5b0d7abaa06f3a6daced977eac86793afcb9df79a7ddc98ab213639aed04049de59ce8adc60d4b0bb285411f25e5d9981a0c773fd0d6
  languageName: node
  linkType: hard

"@ionic/utils-terminal@npm:2.3.1, @ionic/utils-terminal@npm:^2.3.0, @ionic/utils-terminal@npm:^2.3.1":
  version: 2.3.1
  resolution: "@ionic/utils-terminal@npm:2.3.1"
  dependencies:
    debug: ^4.0.0
    signal-exit: ^3.0.3
    slice-ansi: ^4.0.0
    string-width: ^4.1.0
    strip-ansi: ^6.0.0
    tslib: ^2.0.1
    untildify: ^4.0.0
    wrap-ansi: ^7.0.0
  checksum: 42de907b1623ddf16b8d6d7144fcd0d4e37653d6f171d05985c79918ec184f5d9ca8b2eae03518feb70c06dc052c28f462e58c72bdf08e15f2e7c81c350a36c9
  languageName: node
  linkType: hard

"ansi-regex@npm:^5.0.0":
  version: 5.0.0
  resolution: "ansi-regex@npm:5.0.0"
  checksum: b1bb4e992a5d96327bb4f72eaba9f8047f1d808d273ad19d399e266bfcc7fb19a4d1a127a32f7bc61fe46f1a94a4d04ec4c424e3fbe184929aa866323d8ed4ce
  languageName: node
  linkType: hard

"ansi-styles@npm:^4.0.0":
  version: 4.3.0
  resolution: "ansi-styles@npm:4.3.0"
  dependencies:
    color-convert: ^2.0.1
  checksum: 513b44c3b2105dd14cc42a19271e80f386466c4be574bccf60b627432f9198571ebf4ab1e4c3ba17347658f4ee1711c163d574248c0c1cdc2d5917a0ad582ec4
  languageName: node
  linkType: hard

"astral-regex@npm:^2.0.0":
  version: 2.0.0
  resolution: "astral-regex@npm:2.0.0"
  checksum: 876231688c66400473ba505731df37ea436e574dd524520294cc3bbc54ea40334865e01fa0d074d74d036ee874ee7e62f486ea38bc421ee8e6a871c06f011766
  languageName: node
  linkType: hard

"at-least-node@npm:^1.0.0":
  version: 1.0.0
  resolution: "at-least-node@npm:1.0.0"
  checksum: 463e2f8e43384f1afb54bc68485c436d7622acec08b6fad269b421cb1d29cebb5af751426793d0961ed243146fe4dc983402f6d5a51b720b277818dbf6f2e49e
  languageName: node
  linkType: hard

"base64-js@npm:^1.5.1":
  version: 1.5.1
  resolution: "base64-js@npm:1.5.1"
  checksum: 669632eb3745404c2f822a18fc3a0122d2f9a7a13f7fb8b5823ee19d1d2ff9ee5b52c53367176ea4ad093c332fd5ab4bd0ebae5a8e27917a4105a4cfc86b1005
  languageName: node
  linkType: hard

"big-integer@npm:^1.6.44":
  version: 1.6.48
  resolution: "big-integer@npm:1.6.48"
  checksum: fc43ae12ebf2b2a58d6da92ef7069666d131fa993be4020cb1a11e384f6d8e7a69dced7f69d27b65a6aff2e6abb548fb823303bde138eab60b556100c17761f3
  languageName: node
  linkType: hard

"bplist-parser@npm:0.2.0":
  version: 0.2.0
  resolution: "bplist-parser@npm:0.2.0"
  dependencies:
    big-integer: ^1.6.44
  checksum: d5339dd16afc51de6c88f88f58a45b72ed6a06aa31f5557d09877575f220b7c1d3fbe375da0b62e6a10d4b8ed80523567e351f24014f5bc886ad523758142cdd
  languageName: node
  linkType: hard

"buffer-crc32@npm:~0.2.3":
  version: 0.2.13
  resolution: "buffer-crc32@npm:0.2.13"
  checksum: 06252347ae6daca3453b94e4b2f1d3754a3b146a111d81c68924c22d91889a40623264e95e67955b1cb4a68cbedf317abeabb5140a9766ed248973096db5ce1c
  languageName: node
  linkType: hard

"chownr@npm:^2.0.0":
  version: 2.0.0
  resolution: "chownr@npm:2.0.0"
  checksum: c57cf9dd0791e2f18a5ee9c1a299ae6e801ff58fee96dc8bfd0dcb4738a6ce58dd252a3605b1c93c6418fe4f9d5093b28ffbf4d66648cb2a9c67eaef9679be2f
  languageName: node
  linkType: hard

"color-convert@npm:^2.0.1":
  version: 2.0.1
  resolution: "color-convert@npm:2.0.1"
  dependencies:
    color-name: ~1.1.4
  checksum: 79e6bdb9fd479a205c71d89574fccfb22bd9053bd98c6c4d870d65c132e5e904e6034978e55b43d69fcaa7433af2016ee203ce76eeba9cfa554b373e7f7db336
  languageName: node
  linkType: hard

"color-name@npm:~1.1.4":
  version: 1.1.4
  resolution: "color-name@npm:1.1.4"
  checksum: b0445859521eb4021cd0fb0cc1a75cecf67fceecae89b63f62b201cca8d345baf8b952c966862a9d9a2632987d4f6581f0ec8d957dfacece86f0a7919316f610
  languageName: node
  linkType: hard

"commander@npm:^6.0.0":
  version: 6.2.1
  resolution: "commander@npm:6.2.1"
  checksum: d7090410c0de6bc5c67d3ca41c41760d6d268f3c799e530aafb73b7437d1826bbf0d2a3edac33f8b57cc9887b4a986dce307fa5557e109be40eadb7c43b21742
  languageName: node
  linkType: hard

"coong@workspace:.":
  version: 0.0.0-use.local
  resolution: "coong@workspace:."
  dependencies:
    "@capacitor/android": ^3.0.0-beta.0
    "@capacitor/cli": ^3.0.2
    "@capacitor/clipboard": ^1.0.2
    "@capacitor/core": ^3.0.2
    "@capacitor/ios": ^3.0.0-beta.0
    "@capacitor/splash-screen": ^1.0.0
  languageName: unknown
  linkType: soft

"cross-spawn@npm:^7.0.0":
  version: 7.0.3
  resolution: "cross-spawn@npm:7.0.3"
  dependencies:
    path-key: ^3.1.0
    shebang-command: ^2.0.0
    which: ^2.0.1
  checksum: 671cc7c7288c3a8406f3c69a3ae2fc85555c04169e9d611def9a675635472614f1c0ed0ef80955d5b6d4e724f6ced67f0ad1bb006c2ea643488fcfef994d7f52
  languageName: node
  linkType: hard

"debug@npm:^4.0.0, debug@npm:^4.1.1, debug@npm:^4.2.0":
  version: 4.3.2
  resolution: "debug@npm:4.3.2"
  dependencies:
    ms: 2.1.2
  peerDependenciesMeta:
    supports-color:
      optional: true
  checksum: 820ea160e267e23c953c9ed87e7ad93494d8cda2f7349af5e7e3bb236d23707ee3022f477d5a7d2ee86ef2bf7d60aa9ab22d1f58080d7deb9dccd073585e1e43
  languageName: node
  linkType: hard

"elementtree@npm:^0.1.7":
  version: 0.1.7
  resolution: "elementtree@npm:0.1.7"
  dependencies:
    sax: 1.1.4
  checksum: f77183084fdadb9366d39e0110a31888e3719c77320d426168dcf31eaf4c78cec906c84f4ce00320f5095c88145a11716af0d5d35c5297355e3c3d3d4a6cbcd0
  languageName: node
  linkType: hard

"emoji-regex@npm:^8.0.0":
  version: 8.0.0
  resolution: "emoji-regex@npm:8.0.0"
  checksum: d4c5c39d5a9868b5fa152f00cada8a936868fd3367f33f71be515ecee4c803132d11b31a6222b2571b1e5f7e13890156a94880345594d0ce7e3c9895f560f192
  languageName: node
  linkType: hard

"env-paths@npm:^2.2.0":
  version: 2.2.1
  resolution: "env-paths@npm:2.2.1"
  checksum: 65b5df55a8bab92229ab2b40dad3b387fad24613263d103a97f91c9fe43ceb21965cd3392b1ccb5d77088021e525c4e0481adb309625d0cb94ade1d1fb8dc17e
  languageName: node
  linkType: hard

"fd-slicer@npm:~1.1.0":
  version: 1.1.0
  resolution: "fd-slicer@npm:1.1.0"
  dependencies:
    pend: ~1.2.0
  checksum: c8585fd5713f4476eb8261150900d2cb7f6ff2d87f8feb306ccc8a1122efd152f1783bdb2b8dc891395744583436bfd8081d8e63ece0ec8687eeefea394d4ff2
  languageName: node
  linkType: hard

"fs-extra@npm:^9.0.0":
  version: 9.1.0
  resolution: "fs-extra@npm:9.1.0"
  dependencies:
    at-least-node: ^1.0.0
    graceful-fs: ^4.2.0
    jsonfile: ^6.0.1
    universalify: ^2.0.0
  checksum: ba71ba32e0faa74ab931b7a0031d1523c66a73e225de7426e275e238e312d07313d2da2d33e34a52aa406c8763ade5712eb3ec9ba4d9edce652bcacdc29e6b20
  languageName: node
  linkType: hard

"fs-minipass@npm:^2.0.0":
  version: 2.1.0
  resolution: "fs-minipass@npm:2.1.0"
  dependencies:
    minipass: ^3.0.0
  checksum: 1b8d128dae2ac6cc94230cc5ead341ba3e0efaef82dab46a33d171c044caaa6ca001364178d42069b2809c35a1c3c35079a32107c770e9ffab3901b59af8c8b1
  languageName: node
  linkType: hard

"graceful-fs@npm:^4.1.6, graceful-fs@npm:^4.2.0":
  version: 4.2.6
  resolution: "graceful-fs@npm:4.2.6"
  checksum: 792e64aafda05a151289f83eaa16aff34ef259658cefd65393883d959409f5a2389b0ec9ebf28f3d21f1b0ddc8f594a1162ae9b18e2b507a6799a70706ec573d
  languageName: node
  linkType: hard

"inherits@npm:^2.0.3":
  version: 2.0.4
  resolution: "inherits@npm:2.0.4"
  checksum: 4a48a733847879d6cf6691860a6b1e3f0f4754176e4d71494c41f3475553768b10f84b5ce1d40fbd0e34e6bfbb864ee35858ad4dd2cf31e02fc4a154b724d7f1
  languageName: node
  linkType: hard

"ini@npm:^1.3.5":
  version: 1.3.8
  resolution: "ini@npm:1.3.8"
  checksum: dfd98b0ca3a4fc1e323e38a6c8eb8936e31a97a918d3b377649ea15bdb15d481207a0dda1021efbd86b464cae29a0d33c1d7dcaf6c5672bee17fa849bc50a1b3
  languageName: node
  linkType: hard

"is-docker@npm:^2.0.0":
  version: 2.2.1
  resolution: "is-docker@npm:2.2.1"
  bin:
    is-docker: cli.js
  checksum: 3fef7ddbf0be25958e8991ad941901bf5922ab2753c46980b60b05c1bf9c9c2402d35e6dc32e4380b980ef5e1970a5d9d5e5aa2e02d77727c3b6b5e918474c56
  languageName: node
  linkType: hard

"is-fullwidth-code-point@npm:^3.0.0":
  version: 3.0.0
  resolution: "is-fullwidth-code-point@npm:3.0.0"
  checksum: 44a30c29457c7fb8f00297bce733f0a64cd22eca270f83e58c105e0d015e45c019491a4ab2faef91ab51d4738c670daff901c799f6a700e27f7314029e99e348
  languageName: node
  linkType: hard

"is-wsl@npm:^2.1.1":
  version: 2.2.0
  resolution: "is-wsl@npm:2.2.0"
  dependencies:
    is-docker: ^2.0.0
  checksum: 20849846ae414997d290b75e16868e5261e86ff5047f104027026fd61d8b5a9b0b3ade16239f35e1a067b3c7cc02f70183cb661010ed16f4b6c7c93dad1b19d8
  languageName: node
  linkType: hard

"isexe@npm:^2.0.0":
  version: 2.0.0
  resolution: "isexe@npm:2.0.0"
  checksum: 26bf6c5480dda5161c820c5b5c751ae1e766c587b1f951ea3fcfc973bafb7831ae5b54a31a69bd670220e42e99ec154475025a468eae58ea262f813fdc8d1c62
  languageName: node
  linkType: hard

"jsonfile@npm:^6.0.1":
  version: 6.1.0
  resolution: "jsonfile@npm:6.1.0"
  dependencies:
    graceful-fs: ^4.1.6
    universalify: ^2.0.0
  dependenciesMeta:
    graceful-fs:
      optional: true
  checksum: 7af3b8e1ac8fe7f1eccc6263c6ca14e1966fcbc74b618d3c78a0a2075579487547b94f72b7a1114e844a1e15bb00d440e5d1720bfc4612d790a6f285d5ea8354
  languageName: node
  linkType: hard

"kleur@npm:^3.0.3":
  version: 3.0.3
  resolution: "kleur@npm:3.0.3"
  checksum: df82cd1e172f957bae9c536286265a5cdbd5eeca487cb0a3b2a7b41ef959fc61f8e7c0e9aeea9c114ccf2c166b6a8dd45a46fd619c1c569d210ecd2765ad5169
  languageName: node
  linkType: hard

"kleur@npm:^4.1.1":
  version: 4.1.4
  resolution: "kleur@npm:4.1.4"
  checksum: 7f6db36e378045dec14acd3cbf0b1e59130c09e984ee8b8ce56dd2d2257cfff90389c1e8f8b19bd09dd5d241080566a814b4ccd99fdcef91f59ef93ec33c8a44
  languageName: node
  linkType: hard

"lru-cache@npm:^6.0.0":
  version: 6.0.0
  resolution: "lru-cache@npm:6.0.0"
  dependencies:
    yallist: ^4.0.0
  checksum: f97f499f898f23e4585742138a22f22526254fdba6d75d41a1c2526b3b6cc5747ef59c5612ba7375f42aca4f8461950e925ba08c991ead0651b4918b7c978297
  languageName: node
  linkType: hard

"minipass@npm:^3.0.0":
  version: 3.1.3
  resolution: "minipass@npm:3.1.3"
  dependencies:
    yallist: ^4.0.0
  checksum: 74b623c1f996caafa66772301b66a1b634b20270f0d1a731ef86195d5a1a5f9984a773a1e88a6cecfd264d6c471c4c0fc8574cd96488f01c8f74c0b600021e55
  languageName: node
  linkType: hard

"minizlib@npm:^2.1.1":
  version: 2.1.2
  resolution: "minizlib@npm:2.1.2"
  dependencies:
    minipass: ^3.0.0
    yallist: ^4.0.0
  checksum: f1fdeac0b07cf8f30fcf12f4b586795b97be856edea22b5e9072707be51fc95d41487faec3f265b42973a304fe3a64acd91a44a3826a963e37b37bafde0212c3
  languageName: node
  linkType: hard

"mkdirp@npm:^1.0.3":
  version: 1.0.4
  resolution: "mkdirp@npm:1.0.4"
  bin:
    mkdirp: bin/cmd.js
  checksum: a96865108c6c3b1b8e1d5e9f11843de1e077e57737602de1b82030815f311be11f96f09cce59bd5b903d0b29834733e5313f9301e3ed6d6f6fba2eae0df4298f
  languageName: node
  linkType: hard

"ms@npm:2.1.2":
  version: 2.1.2
  resolution: "ms@npm:2.1.2"
  checksum: 673cdb2c3133eb050c745908d8ce632ed2c02d85640e2edb3ace856a2266a813b30c613569bf3354fdf4ea7d1a1494add3bfa95e2713baa27d0c2c71fc44f58f
  languageName: node
  linkType: hard

"native-run@npm:^1.4.0":
  version: 1.4.0
  resolution: "native-run@npm:1.4.0"
  dependencies:
    "@ionic/utils-fs": ^3.0.0
    "@ionic/utils-terminal": ^2.3.1
    bplist-parser: 0.2.0
    debug: ^4.1.1
    elementtree: ^0.1.7
    ini: ^1.3.5
    plist: ^3.0.1
    split2: ^3.1.0
    through2: ^4.0.2
    tslib: ^2.0.1
    yauzl: ^2.10.0
  bin:
    native-run: bin/native-run
  checksum: ba31ee1d098f21dad2d197530af43e833228548c2758987571a394552a5f8596bda9815388b567a20e677b3749fdb49a422cd2d5a7c1d4c768f6d282404f6100
  languageName: node
  linkType: hard

"open@npm:^7.1.0":
  version: 7.4.2
  resolution: "open@npm:7.4.2"
  dependencies:
    is-docker: ^2.0.0
    is-wsl: ^2.1.1
  checksum: 3333900ec0e420d64c23b831bc3467e57031461d843c801f569b2204a1acc3cd7b3ec3c7897afc9dde86491dfa289708eb92bba164093d8bd88fb2c231843c91
  languageName: node
  linkType: hard

"path-key@npm:^3.1.0":
  version: 3.1.1
  resolution: "path-key@npm:3.1.1"
  checksum: 55cd7a9dd4b343412a8386a743f9c746ef196e57c823d90ca3ab917f90ab9f13dd0ded27252ba49dbdfcab2b091d998bc446f6220cd3cea65db407502a740020
  languageName: node
  linkType: hard

"pend@npm:~1.2.0":
  version: 1.2.0
  resolution: "pend@npm:1.2.0"
  checksum: 6c72f5243303d9c60bd98e6446ba7d30ae29e3d56fdb6fae8767e8ba6386f33ee284c97efe3230a0d0217e2b1723b8ab490b1bbf34fcbb2180dbc8a9de47850d
  languageName: node
  linkType: hard

"plist@npm:^3.0.1, plist@npm:^3.0.2":
  version: 3.0.2
  resolution: "plist@npm:3.0.2"
  dependencies:
    base64-js: ^1.5.1
    xmlbuilder: ^9.0.7
    xmldom: ^0.5.0
  checksum: ee5efcfed3efae2401373d913114be4a2e07ef78b9a42f2477a36aacfc3ad667be17cfbd2235d59502a4d0bf77cb39bc53fc3ee93f73a2ebec99c20cb5dd029a
  languageName: node
  linkType: hard

"prompts@npm:^2.3.2":
  version: 2.4.1
  resolution: "prompts@npm:2.4.1"
  dependencies:
    kleur: ^3.0.3
    sisteransi: ^1.0.5
  checksum: 05bf4865870665067b14fc54ced6c96e353f58f57658351e16bb8c12c017402582696fb42d97306b7c98efc0e2cc1ebf27ab573448d5a5da2ac18991cc9e4cad
  languageName: node
  linkType: hard

"readable-stream@npm:3, readable-stream@npm:^3.0.0":
  version: 3.6.0
  resolution: "readable-stream@npm:3.6.0"
  dependencies:
    inherits: ^2.0.3
    string_decoder: ^1.1.1
    util-deprecate: ^1.0.1
  checksum: d4ea81502d3799439bb955a3a5d1d808592cf3133350ed352aeaa499647858b27b1c4013984900238b0873ec8d0d8defce72469fb7a83e61d53f5ad61cb80dc8
  languageName: node
  linkType: hard

"safe-buffer@npm:~5.2.0":
  version: 5.2.1
  resolution: "safe-buffer@npm:5.2.1"
  checksum: b99c4b41fdd67a6aaf280fcd05e9ffb0813654894223afb78a31f14a19ad220bba8aba1cb14eddce1fcfb037155fe6de4e861784eb434f7d11ed58d1e70dd491
  languageName: node
  linkType: hard

"sax@npm:1.1.4":
  version: 1.1.4
  resolution: "sax@npm:1.1.4"
  checksum: 85531bd8c36b2dfe1745f29ae5e89f2c7fdbe3a45005e77e455555bd34b99a12442fbadc127f4002dae2851f54187c82cd61c054abd3eb266e5b756e071b98ce
  languageName: node
  linkType: hard

"sax@npm:>=0.6.0":
  version: 1.2.4
  resolution: "sax@npm:1.2.4"
  checksum: d3df7d32b897a2c2f28e941f732c71ba90e27c24f62ee918bd4d9a8cfb3553f2f81e5493c7f0be94a11c1911b643a9108f231dd6f60df3fa9586b5d2e3e9e1fe
  languageName: node
  linkType: hard

"semver@npm:^7.3.2":
  version: 7.3.5
  resolution: "semver@npm:7.3.5"
  dependencies:
    lru-cache: ^6.0.0
  bin:
    semver: bin/semver.js
  checksum: 5eafe6102bea2a7439897c1856362e31cc348ccf96efd455c8b5bc2c61e6f7e7b8250dc26b8828c1d76a56f818a7ee907a36ae9fb37a599d3d24609207001d60
  languageName: node
  linkType: hard

"shebang-command@npm:^2.0.0":
  version: 2.0.0
  resolution: "shebang-command@npm:2.0.0"
  dependencies:
    shebang-regex: ^3.0.0
  checksum: 6b52fe87271c12968f6a054e60f6bde5f0f3d2db483a1e5c3e12d657c488a15474121a1d55cd958f6df026a54374ec38a4a963988c213b7570e1d51575cea7fa
  languageName: node
  linkType: hard

"shebang-regex@npm:^3.0.0":
  version: 3.0.0
  resolution: "shebang-regex@npm:3.0.0"
  checksum: 1a2bcae50de99034fcd92ad4212d8e01eedf52c7ec7830eedcf886622804fe36884278f2be8be0ea5fde3fd1c23911643a4e0f726c8685b61871c8908af01222
  languageName: node
  linkType: hard

"signal-exit@npm:^3.0.3":
  version: 3.0.3
  resolution: "signal-exit@npm:3.0.3"
  checksum: f0169d3f1263d06df32ca072b0bf33b34c6f8f0341a7a1621558a2444dfbe8f5fec76b35537fcc6f0bc4944bdb5336fe0bdcf41a5422c4e45a1dba3f45475e6c
  languageName: node
  linkType: hard

"sisteransi@npm:^1.0.5":
  version: 1.0.5
  resolution: "sisteransi@npm:1.0.5"
  checksum: aba6438f46d2bfcef94cf112c835ab395172c75f67453fe05c340c770d3c402363018ae1ab4172a1026a90c47eaccf3af7b6ff6fa749a680c2929bd7fa2b37a4
  languageName: node
  linkType: hard

"slice-ansi@npm:^4.0.0":
  version: 4.0.0
  resolution: "slice-ansi@npm:4.0.0"
  dependencies:
    ansi-styles: ^4.0.0
    astral-regex: ^2.0.0
    is-fullwidth-code-point: ^3.0.0
  checksum: 4a82d7f085b0e1b070e004941ada3c40d3818563ac44766cca4ceadd2080427d337554f9f99a13aaeb3b4a94d9964d9466c807b3d7b7541d1ec37ee32d308756
  languageName: node
  linkType: hard

"split2@npm:^3.1.0":
  version: 3.2.2
  resolution: "split2@npm:3.2.2"
  dependencies:
    readable-stream: ^3.0.0
  checksum: 8127ddbedd0faf31f232c0e9192fede469913aa8982aa380752e0463b2e31c2359ef6962eb2d24c125bac59eeec76873678d723b1c7ff696216a1cd071e3994a
  languageName: node
  linkType: hard

"string-width@npm:^4.1.0":
  version: 4.2.2
  resolution: "string-width@npm:4.2.2"
  dependencies:
    emoji-regex: ^8.0.0
    is-fullwidth-code-point: ^3.0.0
    strip-ansi: ^6.0.0
  checksum: 343e089b0e66e0f72aab4ad1d9b6f2c9cc5255844b0c83fd9b53f2a3b3fd0421bdd6cb05be96a73117eb012db0887a6c1d64ca95aaa50c518e48980483fea0ab
  languageName: node
  linkType: hard

"string_decoder@npm:^1.1.1":
  version: 1.3.0
  resolution: "string_decoder@npm:1.3.0"
  dependencies:
    safe-buffer: ~5.2.0
  checksum: 8417646695a66e73aefc4420eb3b84cc9ffd89572861fe004e6aeb13c7bc00e2f616247505d2dbbef24247c372f70268f594af7126f43548565c68c117bdeb56
  languageName: node
  linkType: hard

"strip-ansi@npm:^6.0.0":
  version: 6.0.0
  resolution: "strip-ansi@npm:6.0.0"
  dependencies:
    ansi-regex: ^5.0.0
  checksum: 04c3239ede44c4d195b0e66c0ad58b932f08bec7d05290416d361ff908ad282ecdaf5d9731e322c84f151d427436bde01f05b7422c3ec26dd927586736b0e5d0
  languageName: node
  linkType: hard

"tar@npm:^6.0.5":
  version: 6.1.0
  resolution: "tar@npm:6.1.0"
  dependencies:
    chownr: ^2.0.0
    fs-minipass: ^2.0.0
    minipass: ^3.0.0
    minizlib: ^2.1.1
    mkdirp: ^1.0.3
    yallist: ^4.0.0
  checksum: 0638a405b625263e0c47e97f0ea5e871b1a549da4593e31bf1792bcc83d97c28065ed172669f186744526637ea627a424d519ddd99f3fd52b17ac75f58f43519
  languageName: node
  linkType: hard

"through2@npm:^4.0.2":
  version: 4.0.2
  resolution: "through2@npm:4.0.2"
  dependencies:
    readable-stream: 3
  checksum: ac7430bd54ccb7920fd094b1c7ff3e1ad6edd94202e5528331253e5fde0cc56ceaa690e8df9895de2e073148c52dfbe6c4db74cacae812477a35660090960cc0
  languageName: node
  linkType: hard

"tree-kill@npm:^1.2.2":
  version: 1.2.2
  resolution: "tree-kill@npm:1.2.2"
  bin:
    tree-kill: cli.js
  checksum: 49117f5f410d19c84b0464d29afb9642c863bc5ba40fcb9a245d474c6d5cc64d1b177a6e6713129eb346b40aebb9d4631d967517f9fbe8251c35b21b13cd96c7
  languageName: node
  linkType: hard

"tslib@npm:^2.0.1, tslib@npm:^2.1.0":
  version: 2.3.0
  resolution: "tslib@npm:2.3.0"
  checksum: 8869694c26e4a7b56d449662fd54a4f9ba872c889d991202c74462bd99f10e61d5bd63199566c4284c0f742277736292a969642cc7b590f98727a7cae9529122
  languageName: node
  linkType: hard

"universalify@npm:^2.0.0":
  version: 2.0.0
  resolution: "universalify@npm:2.0.0"
  checksum: 2406a4edf4a8830aa6813278bab1f953a8e40f2f63a37873ffa9a3bc8f9745d06cc8e88f3572cb899b7e509013f7f6fcc3e37e8a6d914167a5381d8440518c44
  languageName: node
  linkType: hard

"untildify@npm:^4.0.0":
  version: 4.0.0
  resolution: "untildify@npm:4.0.0"
  checksum: 39ced9c418a74f73f0a56e1ba4634b4d959422dff61f4c72a8e39f60b99380c1b45ed776fbaa0a4101b157e4310d873ad7d114e8534ca02609b4916bb4187fb9
  languageName: node
  linkType: hard

"util-deprecate@npm:^1.0.1":
  version: 1.0.2
  resolution: "util-deprecate@npm:1.0.2"
  checksum: 474acf1146cb2701fe3b074892217553dfcf9a031280919ba1b8d651a068c9b15d863b7303cb15bd00a862b498e6cf4ad7b4a08fb134edd5a6f7641681cb54a2
  languageName: node
  linkType: hard

"which@npm:^2.0.1":
  version: 2.0.2
  resolution: "which@npm:2.0.2"
  dependencies:
    isexe: ^2.0.0
  bin:
    node-which: ./bin/node-which
  checksum: 1a5c563d3c1b52d5f893c8b61afe11abc3bab4afac492e8da5bde69d550de701cf9806235f20a47b5c8fa8a1d6a9135841de2596535e998027a54589000e66d1
  languageName: node
  linkType: hard

"wrap-ansi@npm:^7.0.0":
  version: 7.0.0
  resolution: "wrap-ansi@npm:7.0.0"
  dependencies:
    ansi-styles: ^4.0.0
    string-width: ^4.1.0
    strip-ansi: ^6.0.0
  checksum: a790b846fd4505de962ba728a21aaeda189b8ee1c7568ca5e817d85930e06ef8d1689d49dbf0e881e8ef84436af3a88bc49115c2e2788d841ff1b8b5b51a608b
  languageName: node
  linkType: hard

"xml2js@npm:^0.4.23":
  version: 0.4.23
  resolution: "xml2js@npm:0.4.23"
  dependencies:
    sax: ">=0.6.0"
    xmlbuilder: ~11.0.0
  checksum: ca0cf2dfbf6deeaae878a891c8fbc0db6fd04398087084edf143cdc83d0509ad0fe199b890f62f39c4415cf60268a27a6aed0d343f0658f8779bd7add690fa98
  languageName: node
  linkType: hard

"xmlbuilder@npm:^9.0.7":
  version: 9.0.7
  resolution: "xmlbuilder@npm:9.0.7"
  checksum: 8193bb323806a002764f013bea0c6e9ff2dc26fd29109408761b16b59a8ad2214c2abe8e691755fd8b525586e3a0e1efeb92335947d7b0899032b779f1705a53
  languageName: node
  linkType: hard

"xmlbuilder@npm:~11.0.0":
  version: 11.0.1
  resolution: "xmlbuilder@npm:11.0.1"
  checksum: 7152695e16f1a9976658215abab27e55d08b1b97bca901d58b048d2b6e106b5af31efccbdecf9b07af37c8377d8e7e821b494af10b3a68b0ff4ae60331b415b0
  languageName: node
  linkType: hard

"xmldom@npm:^0.5.0":
  version: 0.5.0
  resolution: "xmldom@npm:0.5.0"
  checksum: 6afbfc9f4de847d1e12a3a95e393750a55f6b074881cd3c6192c99421a8548b0687b7851113d6318ff0121615674d3b064924f1c478da1c840757626bdfe4c18
  languageName: node
  linkType: hard

"yallist@npm:^4.0.0":
  version: 4.0.0
  resolution: "yallist@npm:4.0.0"
  checksum: 343617202af32df2a15a3be36a5a8c0c8545208f3d3dfbc6bb7c3e3b7e8c6f8e7485432e4f3b88da3031a6e20afa7c711eded32ddfb122896ac5d914e75848d5
  languageName: node
  linkType: hard

"yauzl@npm:^2.10.0":
  version: 2.10.0
  resolution: "yauzl@npm:2.10.0"
  dependencies:
    buffer-crc32: ~0.2.3
    fd-slicer: ~1.1.0
  checksum: 7f21fe0bbad6e2cb130044a5d1d0d5a0e5bf3d8d4f8c4e6ee12163ce798fee3de7388d22a7a0907f563ac5f9d40f8699a223d3d5c1718da90b0156da6904022b
  languageName: node
  linkType: hard
